
Microsoft Visual Studio Solution File, Format Version 12.00
# Visual Studio Version 16
VisualStudioVersion = 16.0.33423.256
MinimumVisualStudioVersion = 10.0.40219.1
Project("{FAE04EC0-301F-11D3-BF4B-00C04F79EFBC}") = "Aliangister", "Aliangister\Aliangister.csproj", "{BA0FA898-EDB4-4DDA-9957-EAACB9867B19}"
EndProject
Global
	GlobalSection(SolutionConfigurationPlatforms) = preSolution
		Debug|Any CPU = Debug|Any CPU
		Release|Any CPU = Release|Any CPU
	EndGlobalSection
	GlobalSection(ProjectConfigurationPlatforms) = postSolution
		{BA0FA898-EDB4-4DDA-9957-EAACB9867B19}.Debug|Any CPU.ActiveCfg = Debug|Any CPU
		{BA0FA898-EDB4-4DDA-9957-EAACB9867B19}.Debug|Any CPU.Build.0 = Debug|Any CPU
		{BA0FA898-EDB4-4DDA-9957-EAACB9867B19}.Release|Any CPU.ActiveCfg = Release|Any CPU
		{BA0FA898-EDB4-4DDA-9957-EAACB9867B19}.Release|Any CPU.Build.0 = Release|Any CPU
	EndGlobalSection
	GlobalSection(SolutionProperties) = preSolution
		HideSolutionNode = FALSE
	EndGlobalSection
	GlobalSection(ExtensibilityGlobals) = postSolution
		SolutionGuid = {B8B98A75-5BE8-4885-9115-98AE1F0D1804}
	EndGlobalSection
EndGlobal
